
Microsoft Visual Studio Solution File, Format Version 12.00
# Visual Studio Version 16
VisualStudioVersion = 16.0.29519.87
MinimumVisualStudioVersion = 10.0.40219.1
Project("{FAE04EC0-301F-11D3-BF4B-00C04F79EFBC}") = "my name", "my name\my name.csproj", "{B081A4D9-AD8B-405E-B4D9-6848F648E81A}"
EndProject
Global
	GlobalSection(SolutionConfigurationPlatforms) = preSolution
		Debug|Any CPU = Debug|Any CPU
		Release|Any CPU = Release|Any CPU
	EndGlobalSection
	GlobalSection(ProjectConfigurationPlatforms) = postSolution
		{B081A4D9-AD8B-405E-B4D9-6848F648E81A}.Debug|Any CPU.ActiveCfg = Debug|Any CPU
		{B081A4D9-AD8B-405E-B4D9-6848F648E81A}.Debug|Any CPU.Build.0 = Debug|Any CPU
		{B081A4D9-AD8B-405E-B4D9-6848F648E81A}.Release|Any CPU.ActiveCfg = Release|Any CPU
		{B081A4D9-AD8B-405E-B4D9-6848F648E81A}.Release|Any CPU.Build.0 = Release|Any CPU
	EndGlobalSection
	GlobalSection(SolutionProperties) = preSolution
		HideSolutionNode = FALSE
	EndGlobalSection
	GlobalSection(ExtensibilityGlobals) = postSolution
		SolutionGuid = {9D0F8157-CEB6-41F4-9C74-FAEFECF66499}
	EndGlobalSection
EndGlobal
